// !$*UTF8*$!
{
	archiveVersion = 1;
	classes = {
	};
	objectVersion = 50;
	objects = {

/* Begin PBXBuildFile section */
		2F33917F25EF958B00A9B61B /* ViewControllerdetail.swift in Sources */ = {isa = PBXBuildFile; fileRef = 2F33917E25EF958B00A9B61B /* ViewControllerdetail.swift */; };
		2F54191925E4E5A300FEDF9D /* CategorieCollectionViewCell.swift in Sources */ = {isa = PBXBuildFile; fileRef = 2F54191825E4E5A300FEDF9D /* CategorieCollectionViewCell.swift */; };
		2F54191E25E4E80000FEDF9D /* Categorie.swift in Sources */ = {isa = PBXBuildFile; fileRef = 2F54191D25E4E80000FEDF9D /* Categorie.swift */; };
		2F54192625E4FB9D00FEDF9D /* HomeViewController.swift in Sources */ = {isa = PBXBuildFile; fileRef = 2F54192525E4FB9D00FEDF9D /* HomeViewController.swift */; };
		2F7ED2AA25E3FEE7008CB183 /* AppDelegate.swift in Sources */ = {isa = PBXBuildFile; fileRef = 2F7ED2A925E3FEE7008CB183 /* AppDelegate.swift */; };
		2F7ED2AC25E3FEE7008CB183 /* SceneDelegate.swift in Sources */ = {isa = PBXBuildFile; fileRef = 2F7ED2AB25E3FEE7008CB183 /* SceneDelegate.swift */; };
		2F7ED2AE25E3FEE7008CB183 /* ViewController.swift in Sources */ = {isa = PBXBuildFile; fileRef = 2F7ED2AD25E3FEE7008CB183 /* ViewController.swift */; };
		2F7ED2B125E3FEE7008CB183 /* Main.storyboard in Resources */ = {isa = PBXBuildFile; fileRef = 2F7ED2AF25E3FEE7008CB183 /* Main.storyboard */; };
		2F7ED2B325E3FEE8008CB183 /* Assets.xcassets in Resources */ = {isa = PBXBuildFile; fileRef = 2F7ED2B225E3FEE8008CB183 /* Assets.xcassets */; };
		2F7ED2B625E3FEE8008CB183 /* LaunchScreen.storyboard in Resources */ = {isa = PBXBuildFile; fileRef = 2F7ED2B425E3FEE8008CB183 /* LaunchScreen.storyboard */; };
		2F7ED2C125E3FEE9008CB183 /* locationTests.swift in Sources */ = {isa = PBXBuildFile; fileRef = 2F7ED2C025E3FEE9008CB183 /* locationTests.swift */; };
		2F7ED2CC25E3FEE9008CB183 /* locationUITests.swift in Sources */ = {isa = PBXBuildFile; fileRef = 2F7ED2CB25E3FEE9008CB183 /* locationUITests.swift */; };
/* End PBXBuildFile section */

/* Begin PBXContainerItemProxy section */
		2F7ED2BD25E3FEE9008CB183 /* PBXContainerItemProxy */ = {
			isa = PBXContainerItemProxy;
			containerPortal = 2F7ED29E25E3FEE7008CB183 /* Project object */;
			proxyType = 1;
			remoteGlobalIDString = 2F7ED2A525E3FEE7008CB183;
			remoteInfo = location;
		};
		2F7ED2C825E3FEE9008CB183 /* PBXContainerItemProxy */ = {
			isa = PBXContainerItemProxy;
			containerPortal = 2F7ED29E25E3FEE7008CB183 /* Project object */;
			proxyType = 1;
			remoteGlobalIDString = 2F7ED2A525E3FEE7008CB183;
			remoteInfo = location;
		};
/* End PBXContainerItemProxy section */

/* Begin PBXFileReference section */
		2F33917E25EF958B00A9B61B /* ViewControllerdetail.swift */ = {isa = PBXFileReference; lastKnownFileType = sourcecode.swift; path = ViewControllerdetail.swift; sourceTree = "<group>"; };
		2F54191825E4E5A300FEDF9D /* CategorieCollectionViewCell.swift */ = {isa = PBXFileReference; lastKnownFileType = sourcecode.swift; path = CategorieCollectionViewCell.swift; sourceTree = "<group>"; };
		2F54191D25E4E80000FEDF9D /* Categorie.swift */ = {isa = PBXFileReference; lastKnownFileType = sourcecode.swift; path = Categorie.swift; sourceTree = "<group>"; };
		2F54192525E4FB9D00FEDF9D /* HomeViewController.swift */ = {isa = PBXFileReference; lastKnownFileType = sourcecode.swift; path = HomeViewController.swift; sourceTree = "<group>"; };
		2F7ED2A625E3FEE7008CB183 /* location.app */ = {isa = PBXFileReference; explicitFileType = wrapper.application; includeInIndex = 0; path = location.app; sourceTree = BUILT_PRODUCTS_DIR; };
		2F7ED2A925E3FEE7008CB183 /* AppDelegate.swift */ = {isa = PBXFileReference; lastKnownFileType = sourcecode.swift; path = AppDelegate.swift; sourceTree = "<group>"; };
		2F7ED2AB25E3FEE7008CB183 /* SceneDelegate.swift */ = {isa = PBXFileReference; lastKnownFileType = sourcecode.swift; path = SceneDelegate.swift; sourceTree = "<group>"; };
		2F7ED2AD25E3FEE7008CB183 /* ViewController.swift */ = {isa = PBXFileReference; lastKnownFileType = sourcecode.swift; path = ViewController.swift; sourceTree = "<group>"; };
		2F7ED2B025E3FEE7008CB183 /* Base */ = {isa = PBXFileReference; lastKnownFileType = file.storyboard; name = Base; path = Base.lproj/Main.storyboard; sourceTree = "<group>"; };
		2F7ED2B225E3FEE8008CB183 /* Assets.xcassets */ = {isa = PBXFileReference; lastKnownFileType = folder.assetcatalog; path = Assets.xcassets; sourceTree = "<group>"; };
		2F7ED2B525E3FEE8008CB183 /* Base */ = {isa = PBXFileReference; lastKnownFileType = file.storyboard; name = Base; path = Base.lproj/LaunchScreen.storyboard; sourceTree = "<group>"; };
		2F7ED2B725E3FEE8008CB183 /* Info.plist */ = {isa = PBXFileReference; lastKnownFileType = text.plist.xml; path = Info.plist; sourceTree = "<group>"; };
		2F7ED2BC25E3FEE9008CB183 /* locationTests.xctest */ = {isa = PBXFileReference; explicitFileType = wrapper.cfbundle; includeInIndex = 0; path = locationTests.xctest; sourceTree = BUILT_PRODUCTS_DIR; };
		2F7ED2C025E3FEE9008CB183 /* locationTests.swift */ = {isa = PBXFileReference; lastKnownFileType = sourcecode.swift; path = locationTests.swift; sourceTree = "<group>"; };
		2F7ED2C225E3FEE9008CB183 /* Info.plist */ = {isa = PBXFileReference; lastKnownFileType = text.plist.xml; path = Info.plist; sourceTree = "<group>"; };
		2F7ED2C725E3FEE9008CB183 /* locationUITests.xctest */ = {isa = PBXFileReference; explicitFileType = wrapper.cfbundle; includeInIndex = 0; path = locationUITests.xctest; sourceTree = BUILT_PRODUCTS_DIR; };
		2F7ED2CB25E3FEE9008CB183 /* locationUITests.swift */ = {isa = PBXFileReference; lastKnownFileType = sourcecode.swift; path = locationUITests.swift; sourceTree = "<group>"; };
		2F7ED2CD25E3FEE9008CB183 /* Info.plist */ = {isa = PBXFileReference; lastKnownFileType = text.plist.xml; path = Info.plist; sourceTree = "<group>"; };
/* End PBXFileReference section */

/* Begin PBXFrameworksBuildPhase section */
		2F7ED2A325E3FEE7008CB183 /* Frameworks */ = {
			isa = PBXFrameworksBuildPhase;
			buildActionMask = 2147483647;
			files = (
			);
			runOnlyForDeploymentPostprocessing = 0;
		};
		2F7ED2B925E3FEE9008CB183 /* Frameworks */ = {
			isa = PBXFrameworksBuildPhase;
			buildActionMask = 2147483647;
			files = (
			);
			runOnlyForDeploymentPostprocessing = 0;
		};
		2F7ED2C425E3FEE9008CB183 /* Frameworks */ = {
			isa = PBXFrameworksBuildPhase;
			buildActionMask = 2147483647;
			files = (
			);
			runOnlyForDeploymentPostprocessing = 0;
		};
/* End PBXFrameworksBuildPhase section */

/* Begin PBXGroup section */
		2F7ED29D25E3FEE7008CB183 = {
			isa = PBXGroup;
			children = (
				2F7ED2A825E3FEE7008CB183 /* location */,
				2F7ED2BF25E3FEE9008CB183 /* locationTests */,
				2F7ED2CA25E3FEE9008CB183 /* locationUITests */,
				2F7ED2A725E3FEE7008CB183 /* Products */,
			);
			sourceTree = "<group>";
		};
		2F7ED2A725E3FEE7008CB183 /* Products */ = {
			isa = PBXGroup;
			children = (
				2F7ED2A625E3FEE7008CB183 /* location.app */,
				2F7ED2BC25E3FEE9008CB183 /* locationTests.xctest */,
				2F7ED2C725E3FEE9008CB183 /* locationUITests.xctest */,
			);
			name = Products;
			sourceTree = "<group>";
		};
		2F7ED2A825E3FEE7008CB183 /* location */ = {
			isa = PBXGroup;
			children = (
				2F7ED2A925E3FEE7008CB183 /* AppDelegate.swift */,
				2F7ED2AB25E3FEE7008CB183 /* SceneDelegate.swift */,
				2F7ED2AD25E3FEE7008CB183 /* ViewController.swift */,
				2F7ED2AF25E3FEE7008CB183 /* Main.storyboard */,
				2F7ED2B225E3FEE8008CB183 /* Assets.xcassets */,
				2F7ED2B425E3FEE8008CB183 /* LaunchScreen.storyboard */,
				2F7ED2B725E3FEE8008CB183 /* Info.plist */,
				2F54191825E4E5A300FEDF9D /* CategorieCollectionViewCell.swift */,
				2F54191D25E4E80000FEDF9D /* Categorie.swift */,
				2F54192525E4FB9D00FEDF9D /* HomeViewController.swift */,
				2F33917E25EF958B00A9B61B /* ViewControllerdetail.swift */,
			);
			path = location;
			sourceTree = "<group>";
		};
		2F7ED2BF25E3FEE9008CB183 /* locationTests */ = {
			isa = PBXGroup;
			children = (
				2F7ED2C025E3FEE9008CB183 /* locationTests.swift */,
				2F7ED2C225E3FEE9008CB183 /* Info.plist */,
			);
			path = locationTests;
			sourceTree = "<group>";
		};
		2F7ED2CA25E3FEE9008CB183 /* locationUITests */ = {
			isa = PBXGroup;
			children = (
				2F7ED2CB25E3FEE9008CB183 /* locationUITests.swift */,
				2F7ED2CD25E3FEE9008CB183 /* Info.plist */,
			);
			path = locationUITests;
			sourceTree = "<group>";
		};
/* End PBXGroup section */

/* Begin PBXNativeTarget section */
		2F7ED2A525E3FEE7008CB183 /* location */ = {
			isa = PBXNativeTarget;
			buildConfigurationList = 2F7ED2D025E3FEE9008CB183 /* Build configuration list for PBXNativeTarget "location" */;
			buildPhases = (
				2F7ED2A225E3FEE7008CB183 /* Sources */,
				2F7ED2A325E3FEE7008CB183 /* Frameworks */,
				2F7ED2A425E3FEE7008CB183 /* Resources */,
			);
			buildRules = (
			);
			dependencies = (
			);
			name = location;
			productName = location;
			productReference = 2F7ED2A625E3FEE7008CB183 /* location.app */;
			productType = "com.apple.product-type.application";
		};
		2F7ED2BB25E3FEE9008CB183 /* locationTests */ = {
			isa = PBXNativeTarget;
			buildConfigurationList = 2F7ED2D325E3FEE9008CB183 /* Build configuration list for PBXNativeTarget "locationTests" */;
			buildPhases = (
				2F7ED2B825E3FEE9008CB183 /* Sources */,
				2F7ED2B925E3FEE9008CB183 /* Frameworks */,
				2F7ED2BA25E3FEE9008CB183 /* Resources */,
			);
			buildRules = (
			);
			dependencies = (
				2F7ED2BE25E3FEE9008CB183 /* PBXTargetDependency */,
			);
			name = locationTests;
			productName = locationTests;
			productReference = 2F7ED2BC25E3FEE9008CB183 /* locationTests.xctest */;
			productType = "com.apple.product-type.bundle.unit-test";
		};
		2F7ED2C625E3FEE9008CB183 /* locationUITests */ = {
			isa = PBXNativeTarget;
			buildConfigurationList = 2F7ED2D625E3FEE9008CB183 /* Build configuration list for PBXNativeTarget "locationUITests" */;
			buildPhases = (
				2F7ED2C325E3FEE9008CB183 /* Sources */,
				2F7ED2C425E3FEE9008CB183 /* Frameworks */,
				2F7ED2C525E3FEE9008CB183 /* Resources */,
			);
			buildRules = (
			);
			dependencies = (
				2F7ED2C925E3FEE9008CB183 /* PBXTargetDependency */,
			);
			name = locationUITests;
			productName = locationUITests;
			productReference = 2F7ED2C725E3FEE9008CB183 /* locationUITests.xctest */;
			productType = "com.apple.product-type.bundle.ui-testing";
		};
/* End PBXNativeTarget section */

/* Begin PBXProject section */
		2F7ED29E25E3FEE7008CB183 /* Project object */ = {
			isa = PBXProject;
			attributes = {
				LastSwiftUpdateCheck = 1240;
				LastUpgradeCheck = 1240;
				TargetAttributes = {
					2F7ED2A525E3FEE7008CB183 = {
						CreatedOnToolsVersion = 12.4;
					};
					2F7ED2BB25E3FEE9008CB183 = {
						CreatedOnToolsVersion = 12.4;
						TestTargetID = 2F7ED2A525E3FEE7008CB183;
					};
					2F7ED2C625E3FEE9008CB183 = {
						CreatedOnToolsVersion = 12.4;
						TestTargetID = 2F7ED2A525E3FEE7008CB183;
					};
				};
			};
			buildConfigurationList = 2F7ED2A125E3FEE7008CB183 /* Build configuration list for PBXProject "location" */;
			compatibilityVersion = "Xcode 9.3";
			developmentRegion = en;
			hasScannedForEncodings = 0;
			knownRegions = (
				en,
				Base,
			);
			mainGroup = 2F7ED29D25E3FEE7008CB183;
			productRefGroup = 2F7ED2A725E3FEE7008CB183 /* Products */;
			projectDirPath = "";
			projectRoot = "";
			targets = (
				2F7ED2A525E3FEE7008CB183 /* location */,
				2F7ED2BB25E3FEE9008CB183 /* locationTests */,
				2F7ED2C625E3FEE9008CB183 /* locationUITests */,
			);
		};
/* End PBXProject section */

/* Begin PBXResourcesBuildPhase section */
		2F7ED2A425E3FEE7008CB183 /* Resources */ = {
			isa = PBXResourcesBuildPhase;
			buildActionMask = 2147483647;
			files = (
				2F7ED2B625E3FEE8008CB183 /* LaunchScreen.storyboard in Resources */,
				2F7ED2B325E3FEE8008CB183 /* Assets.xcassets in Resources */,
				2F7ED2B125E3FEE7008CB183 /* Main.storyboard in Resources */,
			);
			runOnlyForDeploymentPostprocessing = 0;
		};
		2F7ED2BA25E3FEE9008CB183 /* Resources */ = {
			isa = PBXResourcesBuildPhase;
			buildActionMask = 2147483647;
			files = (
			);
			runOnlyForDeploymentPostprocessing = 0;
		};
		2F7ED2C525E3FEE9008CB183 /* Resources */ = {
			isa = PBXResourcesBuildPhase;
			buildActionMask = 2147483647;
			files = (
			);
			runOnlyForDeploymentPostprocessing = 0;
		};
/* End PBXResourcesBuildPhase section */

/* Begin PBXSourcesBuildPhase section */
		2F7ED2A225E3FEE7008CB183 /* Sources */ = {
			isa = PBXSourcesBuildPhase;
			buildActionMask = 2147483647;
			files = (
				2F33917F25EF958B00A9B61B /* ViewControllerdetail.swift in Sources */,
				2F54191E25E4E80000FEDF9D /* Categorie.swift in Sources */,
				2F7ED2AE25E3FEE7008CB183 /* ViewController.swift in Sources */,
				2F7ED2AA25E3FEE7008CB183 /* AppDelegate.swift in Sources */,
				2F54191925E4E5A300FEDF9D /* CategorieCollectionViewCell.swift in Sources */,
				2F7ED2AC25E3FEE7008CB183 /* SceneDelegate.swift in Sources */,
				2F54192625E4FB9D00FEDF9D /* HomeViewController.swift in Sources */,
			);
			runOnlyForDeploymentPostprocessing = 0;
		};
		2F7ED2B825E3FEE9008CB183 /* Sources */ = {
			isa = PBXSourcesBuildPhase;
			buildActionMask = 2147483647;
			files = (
				2F7ED2C125E3FEE9008CB183 /* locationTests.swift in Sources */,
			);
			runOnlyForDeploymentPostprocessing = 0;
		};
		2F7ED2C325E3FEE9008CB183 /* Sources */ = {
			isa = PBXSourcesBuildPhase;
			buildActionMask = 2147483647;
			files = (
				2F7ED2CC25E3FEE9008CB183 /* locationUITests.swift in Sources */,
			);
			runOnlyForDeploymentPostprocessing = 0;
		};
/* End PBXSourcesBuildPhase section */

/* Begin PBXTargetDependency section */
		2F7ED2BE25E3FEE9008CB183 /* PBXTargetDependency */ = {
			isa = PBXTargetDependency;
			target = 2F7ED2A525E3FEE7008CB183 /* location */;
			targetProxy = 2F7ED2BD25E3FEE9008CB183 /* PBXContainerItemProxy */;
		};
		2F7ED2C925E3FEE9008CB183 /* PBXTargetDependency */ = {
			isa = PBXTargetDependency;
			target = 2F7ED2A525E3FEE7008CB183 /* location */;
			targetProxy = 2F7ED2C825E3FEE9008CB183 /* PBXContainerItemProxy */;
		};
/* End PBXTargetDependency section */

/* Begin PBXVariantGroup section */
		2F7ED2AF25E3FEE7008CB183 /* Main.storyboard */ = {
			isa = PBXVariantGroup;
			children = (
				2F7ED2B025E3FEE7008CB183 /* Base */,
			);
			name = Main.storyboard;
			sourceTree = "<group>";
		};
		2F7ED2B425E3FEE8008CB183 /* LaunchScreen.storyboard */ = {
			isa = PBXVariantGroup;
			children = (
				2F7ED2B525E3FEE8008CB183 /* Base */,
			);
			name = LaunchScreen.storyboard;
			sourceTree = "<group>";
		};
/* End PBXVariantGroup section */

/* Begin XCBuildConfiguration section */
		2F7ED2CE25E3FEE9008CB183 /* Debug */ = {
			isa = XCBuildConfiguration;
			buildSettings = {
				ALWAYS_SEARCH_USER_PATHS = NO;
				CLANG_ANALYZER_NONNULL = YES;
				CLANG_ANALYZER_NUMBER_OBJECT_CONVERSION = YES_AGGRESSIVE;
				CLANG_CXX_LANGUAGE_STANDARD = "gnu++14";
				CLANG_CXX_LIBRARY = "libc++";
				CLANG_ENABLE_MODULES = YES;
				CLANG_ENABLE_OBJC_ARC = YES;
				CLANG_ENABLE_OBJC_WEAK = YES;
				CLANG_WARN_BLOCK_CAPTURE_AUTORELEASING = YES;
				CLANG_WARN_BOOL_CONVERSION = YES;
				CLANG_WARN_COMMA = YES;
				CLANG_WARN_CONSTANT_CONVERSION = YES;
				CLANG_WARN_DEPRECATED_OBJC_IMPLEMENTATIONS = YES;
				CLANG_WARN_DIRECT_OBJC_ISA_USAGE = YES_ERROR;
				CLANG_WARN_DOCUMENTATION_COMMENTS = YES;
				CLANG_WARN_EMPTY_BODY = YES;
				CLANG_WARN_ENUM_CONVERSION = YES;
				CLANG_WARN_INFINITE_RECURSION = YES;
				CLANG_WARN_INT_CONVERSION = YES;
				CLANG_WARN_NON_LITERAL_NULL_CONVERSION = YES;
				CLANG_WARN_OBJC_IMPLICIT_RETAIN_SELF = YES;
				CLANG_WARN_OBJC_LITERAL_CONVERSION = YES;
				CLANG_WARN_OBJC_ROOT_CLASS = YES_ERROR;
				CLANG_WARN_QUOTED_INCLUDE_IN_FRAMEWORK_HEADER = YES;
				CLANG_WARN_RANGE_LOOP_ANALYSIS = YES;
				CLANG_WARN_STRICT_PROTOTYPES = YES;
				CLANG_WARN_SUSPICIOUS_MOVE = YES;
				CLANG_WARN_UNGUARDED_AVAILABILITY = YES_AGGRESSIVE;
				CLANG_WARN_UNREACHABLE_CODE = YES;
				CLANG_WARN__DUPLICATE_METHOD_MATCH = YES;
				COPY_PHASE_STRIP = NO;
				DEBUG_INFORMATION_FORMAT = dwarf;
				ENABLE_STRICT_OBJC_MSGSEND = YES;
				ENABLE_TESTABILITY = YES;
				GCC_C_LANGUAGE_STANDARD = gnu11;
				GCC_DYNAMIC_NO_PIC = NO;
				GCC_NO_COMMON_BLOCKS = YES;
				GCC_OPTIMIZATION_LEVEL = 0;
				GCC_PREPROCESSOR_DEFINITIONS = (
					"DEBUG=1",
					"$(inherited)",
				);
				GCC_WARN_64_TO_32_BIT_CONVERSION = YES;
				GCC_WARN_ABOUT_RETURN_TYPE = YES_ERROR;
				GCC_WARN_UNDECLARED_SELECTOR = YES;
				GCC_WARN_UNINITIALIZED_AUTOS = YES_AGGRESSIVE;
				GCC_WARN_UNUSED_FUNCTION = YES;
				GCC_WARN_UNUSED_VARIABLE = YES;
				IPHONEOS_DEPLOYMENT_TARGET = 14.4;
				MTL_ENABLE_DEBUG_INFO = INCLUDE_SOURCE;
				MTL_FAST_MATH = YES;
				ONLY_ACTIVE_ARCH = YES;
				SDKROOT = iphoneos;
				SWIFT_ACTIVE_COMPILATION_CONDITIONS = DEBUG;
				SWIFT_OPTIMIZATION_LEVEL = "-Onone";
			};
			name = Debug;
		};
		2F7ED2CF25E3FEE9008CB183 /* Release */ = {
			isa = XCBuildConfiguration;
			buildSettings = {
				ALWAYS_SEARCH_USER_PATHS = NO;
				CLANG_ANALYZER_NONNULL = YES;
				CLANG_ANALYZER_NUMBER_OBJECT_CONVERSION = YES_AGGRESSIVE;
				CLANG_CXX_LANGUAGE_STANDARD = "gnu++14";
				CLANG_CXX_LIBRARY = "libc++";
				CLANG_ENABLE_MODULES = YES;
				CLANG_ENABLE_OBJC_ARC = YES;
				CLANG_ENABLE_OBJC_WEAK = YES;
				CLANG_WARN_BLOCK_CAPTURE_AUTORELEASING = YES;
				CLANG_WARN_BOOL_CONVERSION = YES;
				CLANG_WARN_COMMA = YES;
				CLANG_WARN_CONSTANT_CONVERSION = YES;
				CLANG_WARN_DEPRECATED_OBJC_IMPLEMENTATIONS = YES;
				CLANG_WARN_DIRECT_OBJC_ISA_USAGE = YES_ERROR;
				CLANG_WARN_DOCUMENTATION_COMMENTS = YES;
				CLANG_WARN_EMPTY_BODY = YES;
				CLANG_WARN_ENUM_CONVERSION = YES;
				CLANG_WARN_INFINITE_RECURSION = YES;
				CLANG_WARN_INT_CONVERSION = YES;
				CLANG_WARN_NON_LITERAL_NULL_CONVERSION = YES;
				CLANG_WARN_OBJC_IMPLICIT_RETAIN_SELF = YES;
				CLANG_WARN_OBJC_LITERAL_CONVERSION = YES;
				CLANG_WARN_OBJC_ROOT_CLASS = YES_ERROR;
				CLANG_WARN_QUOTED_INCLUDE_IN_FRAMEWORK_HEADER = YES;
				CLANG_WARN_RANGE_LOOP_ANALYSIS = YES;
				CLANG_WARN_STRICT_PROTOTYPES = YES;
				CLANG_WARN_SUSPICIOUS_MOVE = YES;
				CLANG_WARN_UNGUARDED_AVAILABILITY = YES_AGGRESSIVE;
				CLANG_WARN_UNREACHABLE_CODE = YES;
				CLANG_WARN__DUPLICATE_METHOD_MATCH = YES;
				COPY_PHASE_STRIP = NO;
				DEBUG_INFORMATION_FORMAT = "dwarf-with-dsym";
				ENABLE_NS_ASSERTIONS = NO;
				ENABLE_STRICT_OBJC_MSGSEND = YES;
				GCC_C_LANGUAGE_STANDARD = gnu11;
				GCC_NO_COMMON_BLOCKS = YES;
				GCC_WARN_64_TO_32_BIT_CONVERSION = YES;
				GCC_WARN_ABOUT_RETURN_TYPE = YES_ERROR;
				GCC_WARN_UNDECLARED_SELECTOR = YES;
				GCC_WARN_UNINITIALIZED_AUTOS = YES_AGGRESSIVE;
				GCC_WARN_UNUSED_FUNCTION = YES;
				GCC_WARN_UNUSED_VARIABLE = YES;
				IPHONEOS_DEPLOYMENT_TARGET = 14.4;
				MTL_ENABLE_DEBUG_INFO = NO;
				MTL_FAST_MATH = YES;
				SDKROOT = iphoneos;
				SWIFT_COMPILATION_MODE = wholemodule;
				SWIFT_OPTIMIZATION_LEVEL = "-O";
				VALIDATE_PRODUCT = YES;
			};
			name = Release;
		};
		2F7ED2D125E3FEE9008CB183 /* Debug */ = {
			isa = XCBuildConfiguration;
			buildSettings = {
				ASSETCATALOG_COMPILER_APPICON_NAME = AppIcon;
				ASSETCATALOG_COMPILER_GLOBAL_ACCENT_COLOR_NAME = AccentColor;
				CODE_SIGN_STYLE = Automatic;
				DEVELOPMENT_TEAM = 4JU9N8YMTJ;
				INFOPLIST_FILE = location/Info.plist;
				LD_RUNPATH_SEARCH_PATHS = (
					"$(inherited)",
					"@executable_path/Frameworks",
				);
				PRODUCT_BUNDLE_IDENTIFIER = yanis.location;
				PRODUCT_NAME = "$(TARGET_NAME)";
				SWIFT_VERSION = 5.0;
				TARGETED_DEVICE_FAMILY = "1,2";
			};
			name = Debug;
		};
		2F7ED2D225E3FEE9008CB183 /* Release */ = {
			isa = XCBuildConfiguration;
			buildSettings = {
				ASSETCATALOG_COMPILER_APPICON_NAME = AppIcon;
				ASSETCATALOG_COMPILER_GLOBAL_ACCENT_COLOR_NAME = AccentColor;
				CODE_SIGN_STYLE = Automatic;
				DEVELOPMENT_TEAM = 4JU9N8YMTJ;
				INFOPLIST_FILE = location/Info.plist;
				LD_RUNPATH_SEARCH_PATHS = (
					"$(inherited)",
					"@executable_path/Frameworks",
				);
				PRODUCT_BUNDLE_IDENTIFIER = yanis.location;
				PRODUCT_NAME = "$(TARGET_NAME)";
				SWIFT_VERSION = 5.0;
				TARGETED_DEVICE_FAMILY = "1,2";
			};
			name = Release;
		};
		2F7ED2D425E3FEE9008CB183 /* Debug */ = {
			isa = XCBuildConfiguration;
			buildSettings = {
				ALWAYS_EMBED_SWIFT_STANDARD_LIBRARIES = YES;
				BUNDLE_LOADER = "$(TEST_HOST)";
				CODE_SIGN_STYLE = Automatic;
				INFOPLIST_FILE = locationTests/Info.plist;
				IPHONEOS_DEPLOYMENT_TARGET = 14.4;
				LD_RUNPATH_SEARCH_PATHS = (
					"$(inherited)",
					"@executable_path/Frameworks",
					"@loader_path/Frameworks",
				);
				PRODUCT_BUNDLE_IDENTIFIER = yanis.locationTests;
				PRODUCT_NAME = "$(TARGET_NAME)";
				SWIFT_VERSION = 5.0;
				TARGETED_DEVICE_FAMILY = "1,2";
				TEST_HOST = "$(BUILT_PRODUCTS_DIR)/location.app/location";
			};
			name = Debug;
		};
		2F7ED2D525E3FEE9008CB183 /* Release */ = {
			isa = XCBuildConfiguration;
			buildSettings = {
				ALWAYS_EMBED_SWIFT_STANDARD_LIBRARIES = YES;
				BUNDLE_LOADER = "$(TEST_HOST)";
				CODE_SIGN_STYLE = Automatic;
				INFOPLIST_FILE = locationTests/Info.plist;
				IPHONEOS_DEPLOYMENT_TARGET = 14.4;
				LD_RUNPATH_SEARCH_PATHS = (
					"$(inherited)",
					"@executable_path/Frameworks",
					"@loader_path/Frameworks",
				);
				PRODUCT_BUNDLE_IDENTIFIER = yanis.locationTests;
				PRODUCT_NAME = "$(TARGET_NAME)";
				SWIFT_VERSION = 5.0;
				TARGETED_DEVICE_FAMILY = "1,2";
				TEST_HOST = "$(BUILT_PRODUCTS_DIR)/location.app/location";
			};
			name = Release;
		};
		2F7ED2D725E3FEE9008CB183 /* Debug */ = {
			isa = XCBuildConfiguration;
			buildSettings = {
				ALWAYS_EMBED_SWIFT_STANDARD_LIBRARIES = YES;
				CODE_SIGN_STYLE = Automatic;
				INFOPLIST_FILE = locationUITests/Info.plist;
				LD_RUNPATH_SEARCH_PATHS = (
					"$(inherited)",
					"@executable_path/Frameworks",
					"@loader_path/Frameworks",
				);
				PRODUCT_BUNDLE_IDENTIFIER = yanis.locationUITests;
				PRODUCT_NAME = "$(TARGET_NAME)";
				SWIFT_VERSION = 5.0;
				TARGETED_DEVICE_FAMILY = "1,2";
				TEST_TARGET_NAME = location;
			};
			name = Debug;
		};
		2F7ED2D825E3FEE9008CB183 /* Release */ = {
			isa = XCBuildConfiguration;
			buildSettings = {
				ALWAYS_EMBED_SWIFT_STANDARD_LIBRARIES = YES;
				CODE_SIGN_STYLE = Automatic;
				INFOPLIST_FILE = locationUITests/Info.plist;
				LD_RUNPATH_SEARCH_PATHS = (
					"$(inherited)",
					"@executable_path/Frameworks",
					"@loader_path/Frameworks",
				);
				PRODUCT_BUNDLE_IDENTIFIER = yanis.locationUITests;
				PRODUCT_NAME = "$(TARGET_NAME)";
				SWIFT_VERSION = 5.0;
				TARGETED_DEVICE_FAMILY = "1,2";
				TEST_TARGET_NAME = location;
			};
			name = Release;
		};
/* End XCBuildConfiguration section */

/* Begin XCConfigurationList section */
		2F7ED2A125E3FEE7008CB183 /* Build configuration list for PBXProject "location" */ = {
			isa = XCConfigurationList;
			buildConfigurations = (
				2F7ED2CE25E3FEE9008CB183 /* Debug */,
				2F7ED2CF25E3FEE9008CB183 /* Release */,
			);
			defaultConfigurationIsVisible = 0;
			defaultConfigurationName = Release;
		};
		2F7ED2D025E3FEE9008CB183 /* Build configuration list for PBXNativeTarget "location" */ = {
			isa = XCConfigurationList;
			buildConfigurations = (
				2F7ED2D125E3FEE9008CB183 /* Debug */,
				2F7ED2D225E3FEE9008CB183 /* Release */,
			);
			defaultConfigurationIsVisible = 0;
			defaultConfigurationName = Release;
		};
		2F7ED2D325E3FEE9008CB183 /* Build configuration list for PBXNativeTarget "locationTests" */ = {
			isa = XCConfigurationList;
			buildConfigurations = (
				2F7ED2D425E3FEE9008CB183 /* Debug */,
				2F7ED2D525E3FEE9008CB183 /* Release */,
			);
			defaultConfigurationIsVisible = 0;
			defaultConfigurationName = Release;
		};
		2F7ED2D625E3FEE9008CB183 /* Build configuration list for PBXNativeTarget "locationUITests" */ = {
			isa = XCConfigurationList;
			buildConfigurations = (
				2F7ED2D725E3FEE9008CB183 /* Debug */,
				2F7ED2D825E3FEE9008CB183 /* Release */,
			);
			defaultConfigurationIsVisible = 0;
			defaultConfigurationName = Release;
		};
/* End XCConfigurationList section */
	};
	rootObject = 2F7ED29E25E3FEE7008CB183 /* Project object */;
}
